// !$*UTF8*$!
{
	archiveVersion = 1;
	classes = {
	};
	objectVersion = 55;
	objects = {

/* Begin PBXBuildFile section */
		E34CAEAB28188E0600FB672D /* HistoryViewController.swift in Sources */ = {isa = PBXBuildFile; fileRef = E34CAEAA28188E0600FB672D /* HistoryViewController.swift */; };
		E3B15F4B2810843E000CE550 /* AppDelegate.swift in Sources */ = {isa = PBXBuildFile; fileRef = E3B15F4A2810843E000CE550 /* AppDelegate.swift */; };
		E3B15F4D2810843E000CE550 /* SceneDelegate.swift in Sources */ = {isa = PBXBuildFile; fileRef = E3B15F4C2810843E000CE550 /* SceneDelegate.swift */; };
		E3B15F4F2810843E000CE550 /* ViewController.swift in Sources */ = {isa = PBXBuildFile; fileRef = E3B15F4E2810843E000CE550 /* ViewController.swift */; };
		E3B15F522810843E000CE550 /* Main.storyboard in Resources */ = {isa = PBXBuildFile; fileRef = E3B15F502810843E000CE550 /* Main.storyboard */; };
		E3B15F542810843F000CE550 /* Assets.xcassets in Resources */ = {isa = PBXBuildFile; fileRef = E3B15F532810843F000CE550 /* Assets.xcassets */; };
		E3B15F572810843F000CE550 /* LaunchScreen.storyboard in Resources */ = {isa = PBXBuildFile; fileRef = E3B15F552810843F000CE550 /* LaunchScreen.storyboard */; };
		E3B15F622810843F000CE550 /* lifecounterTests.swift in Sources */ = {isa = PBXBuildFile; fileRef = E3B15F612810843F000CE550 /* lifecounterTests.swift */; };
		E3B15F6C2810843F000CE550 /* lifecounterUITests.swift in Sources */ = {isa = PBXBuildFile; fileRef = E3B15F6B2810843F000CE550 /* lifecounterUITests.swift */; };
		E3B15F6E2810843F000CE550 /* lifecounterUITestsLaunchTests.swift in Sources */ = {isa = PBXBuildFile; fileRef = E3B15F6D2810843F000CE550 /* lifecounterUITestsLaunchTests.swift */; };
/* End PBXBuildFile section */

/* Begin PBXContainerItemProxy section */
		E3B15F5E2810843F000CE550 /* PBXContainerItemProxy */ = {
			isa = PBXContainerItemProxy;
			containerPortal = E3B15F3F2810843E000CE550 /* Project object */;
			proxyType = 1;
			remoteGlobalIDString = E3B15F462810843E000CE550;
			remoteInfo = lifecounter;
		};
		E3B15F682810843F000CE550 /* PBXContainerItemProxy */ = {
			isa = PBXContainerItemProxy;
			containerPortal = E3B15F3F2810843E000CE550 /* Project object */;
			proxyType = 1;
			remoteGlobalIDString = E3B15F462810843E000CE550;
			remoteInfo = lifecounter;
		};
/* End PBXContainerItemProxy section */

/* Begin PBXFileReference section */
		E34CAEAA28188E0600FB672D /* HistoryViewController.swift */ = {isa = PBXFileReference; lastKnownFileType = sourcecode.swift; path = HistoryViewController.swift; sourceTree = "<group>"; };
		E3B15F472810843E000CE550 /* lifecounter.app */ = {isa = PBXFileReference; explicitFileType = wrapper.application; includeInIndex = 0; path = lifecounter.app; sourceTree = BUILT_PRODUCTS_DIR; };
		E3B15F4A2810843E000CE550 /* AppDelegate.swift */ = {isa = PBXFileReference; lastKnownFileType = sourcecode.swift; path = AppDelegate.swift; sourceTree = "<group>"; };
		E3B15F4C2810843E000CE550 /* SceneDelegate.swift */ = {isa = PBXFileReference; lastKnownFileType = sourcecode.swift; path = SceneDelegate.swift; sourceTree = "<group>"; };
		E3B15F4E2810843E000CE550 /* ViewController.swift */ = {isa = PBXFileReference; lastKnownFileType = sourcecode.swift; path = ViewController.swift; sourceTree = "<group>"; };
		E3B15F512810843E000CE550 /* Base */ = {isa = PBXFileReference; lastKnownFileType = file.storyboard; name = Base; path = Base.lproj/Main.storyboard; sourceTree = "<group>"; };
		E3B15F532810843F000CE550 /* Assets.xcassets */ = {isa = PBXFileReference; lastKnownFileType = folder.assetcatalog; path = Assets.xcassets; sourceTree = "<group>"; };
		E3B15F562810843F000CE550 /* Base */ = {isa = PBXFileReference; lastKnownFileType = file.storyboard; name = Base; path = Base.lproj/LaunchScreen.storyboard; sourceTree = "<group>"; };
		E3B15F582810843F000CE550 /* Info.plist */ = {isa = PBXFileReference; lastKnownFileType = text.plist.xml; path = Info.plist; sourceTree = "<group>"; };
		E3B15F5D2810843F000CE550 /* lifecounterTests.xctest */ = {isa = PBXFileReference; explicitFileType = wrapper.cfbundle; includeInIndex = 0; path = lifecounterTests.xctest; sourceTree = BUILT_PRODUCTS_DIR; };
		E3B15F612810843F000CE550 /* lifecounterTests.swift */ = {isa = PBXFileReference; lastKnownFileType = sourcecode.swift; path = lifecounterTests.swift; sourceTree = "<group>"; };
		E3B15F672810843F000CE550 /* lifecounterUITests.xctest */ = {isa = PBXFileReference; explicitFileType = wrapper.cfbundle; includeInIndex = 0; path = lifecounterUITests.xctest; sourceTree = BUILT_PRODUCTS_DIR; };
		E3B15F6B2810843F000CE550 /* lifecounterUITests.swift */ = {isa = PBXFileReference; lastKnownFileType = sourcecode.swift; path = lifecounterUITests.swift; sourceTree = "<group>"; };
		E3B15F6D2810843F000CE550 /* lifecounterUITestsLaunchTests.swift */ = {isa = PBXFileReference; lastKnownFileType = sourcecode.swift; path = lifecounterUITestsLaunchTests.swift; sourceTree = "<group>"; };
/* End PBXFileReference section */

/* Begin PBXFrameworksBuildPhase section */
		E3B15F442810843E000CE550 /* Frameworks */ = {
			isa = PBXFrameworksBuildPhase;
			buildActionMask = 2147483647;
			files = (
			);
			runOnlyForDeploymentPostprocessing = 0;
		};
		E3B15F5A2810843F000CE550 /* Frameworks */ = {
			isa = PBXFrameworksBuildPhase;
			buildActionMask = 2147483647;
			files = (
			);
			runOnlyForDeploymentPostprocessing = 0;
		};
		E3B15F642810843F000CE550 /* Frameworks */ = {
			isa = PBXFrameworksBuildPhase;
			buildActionMask = 2147483647;
			files = (
			);
			runOnlyForDeploymentPostprocessing = 0;
		};
/* End PBXFrameworksBuildPhase section */

/* Begin PBXGroup section */
		E3B15F3E2810843E000CE550 = {
			isa = PBXGroup;
			children = (
				E3B15F492810843E000CE550 /* lifecounter */,
				E3B15F602810843F000CE550 /* lifecounterTests */,
				E3B15F6A2810843F000CE550 /* lifecounterUITests */,
				E3B15F482810843E000CE550 /* Products */,
			);
			sourceTree = "<group>";
		};
		E3B15F482810843E000CE550 /* Products */ = {
			isa = PBXGroup;
			children = (
				E3B15F472810843E000CE550 /* lifecounter.app */,
				E3B15F5D2810843F000CE550 /* lifecounterTests.xctest */,
				E3B15F672810843F000CE550 /* lifecounterUITests.xctest */,
			);
			name = Products;
			sourceTree = "<group>";
		};
		E3B15F492810843E000CE550 /* lifecounter */ = {
			isa = PBXGroup;
			children = (
				E3B15F4A2810843E000CE550 /* AppDelegate.swift */,
				E3B15F4C2810843E000CE550 /* SceneDelegate.swift */,
				E3B15F4E2810843E000CE550 /* ViewController.swift */,
				E3B15F502810843E000CE550 /* Main.storyboard */,
				E3B15F532810843F000CE550 /* Assets.xcassets */,
				E3B15F552810843F000CE550 /* LaunchScreen.storyboard */,
				E3B15F582810843F000CE550 /* Info.plist */,
				E34CAEAA28188E0600FB672D /* HistoryViewController.swift */,
			);
			path = lifecounter;
			sourceTree = "<group>";
		};
		E3B15F602810843F000CE550 /* lifecounterTests */ = {
			isa = PBXGroup;
			children = (
				E3B15F612810843F000CE550 /* lifecounterTests.swift */,
			);
			path = lifecounterTests;
			sourceTree = "<group>";
		};
		E3B15F6A2810843F000CE550 /* lifecounterUITests */ = {
			isa = PBXGroup;
			children = (
				E3B15F6B2810843F000CE550 /* lifecounterUITests.swift */,
				E3B15F6D2810843F000CE550 /* lifecounterUITestsLaunchTests.swift */,
			);
			path = lifecounterUITests;
			sourceTree = "<group>";
		};
/* End PBXGroup section */

/* Begin PBXNativeTarget section */
		E3B15F462810843E000CE550 /* lifecounter */ = {
			isa = PBXNativeTarget;
			buildConfigurationList = E3B15F712810843F000CE550 /* Build configuration list for PBXNativeTarget "lifecounter" */;
			buildPhases = (
				E3B15F432810843E000CE550 /* Sources */,
				E3B15F442810843E000CE550 /* Frameworks */,
				E3B15F452810843E000CE550 /* Resources */,
			);
			buildRules = (
			);
			dependencies = (
			);
			name = lifecounter;
			productName = lifecounter;
			productReference = E3B15F472810843E000CE550 /* lifecounter.app */;
			productType = "com.apple.product-type.application";
		};
		E3B15F5C2810843F000CE550 /* lifecounterTests */ = {
			isa = PBXNativeTarget;
			buildConfigurationList = E3B15F742810843F000CE550 /* Build configuration list for PBXNativeTarget "lifecounterTests" */;
			buildPhases = (
				E3B15F592810843F000CE550 /* Sources */,
				E3B15F5A2810843F000CE550 /* Frameworks */,
				E3B15F5B2810843F000CE550 /* Resources */,
			);
			buildRules = (
			);
			dependencies = (
				E3B15F5F2810843F000CE550 /* PBXTargetDependency */,
			);
			name = lifecounterTests;
			productName = lifecounterTests;
			productReference = E3B15F5D2810843F000CE550 /* lifecounterTests.xctest */;
			productType = "com.apple.product-type.bundle.unit-test";
		};
		E3B15F662810843F000CE550 /* lifecounterUITests */ = {
			isa = PBXNativeTarget;
			buildConfigurationList = E3B15F772810843F000CE550 /* Build configuration list for PBXNativeTarget "lifecounterUITests" */;
			buildPhases = (
				E3B15F632810843F000CE550 /* Sources */,
				E3B15F642810843F000CE550 /* Frameworks */,
				E3B15F652810843F000CE550 /* Resources */,
			);
			buildRules = (
			);
			dependencies = (
				E3B15F692810843F000CE550 /* PBXTargetDependency */,
			);
			name = lifecounterUITests;
			productName = lifecounterUITests;
			productReference = E3B15F672810843F000CE550 /* lifecounterUITests.xctest */;
			productType = "com.apple.product-type.bundle.ui-testing";
		};
/* End PBXNativeTarget section */

/* Begin PBXProject section */
		E3B15F3F2810843E000CE550 /* Project object */ = {
			isa = PBXProject;
			attributes = {
				BuildIndependentTargetsInParallel = 1;
				LastSwiftUpdateCheck = 1330;
				LastUpgradeCheck = 1330;
				TargetAttributes = {
					E3B15F462810843E000CE550 = {
						CreatedOnToolsVersion = 13.3;
					};
					E3B15F5C2810843F000CE550 = {
						CreatedOnToolsVersion = 13.3;
						TestTargetID = E3B15F462810843E000CE550;
					};
					E3B15F662810843F000CE550 = {
						CreatedOnToolsVersion = 13.3;
						TestTargetID = E3B15F462810843E000CE550;
					};
				};
			};
			buildConfigurationList = E3B15F422810843E000CE550 /* Build configuration list for PBXProject "lifecounter" */;
			compatibilityVersion = "Xcode 13.0";
			developmentRegion = en;
			hasScannedForEncodings = 0;
			knownRegions = (
				en,
				Base,
			);
			mainGroup = E3B15F3E2810843E000CE550;
			productRefGroup = E3B15F482810843E000CE550 /* Products */;
			projectDirPath = "";
			projectRoot = "";
			targets = (
				E3B15F462810843E000CE550 /* lifecounter */,
				E3B15F5C2810843F000CE550 /* lifecounterTests */,
				E3B15F662810843F000CE550 /* lifecounterUITests */,
			);
		};
/* End PBXProject section */

/* Begin PBXResourcesBuildPhase section */
		E3B15F452810843E000CE550 /* Resources */ = {
			isa = PBXResourcesBuildPhase;
			buildActionMask = 2147483647;
			files = (
				E3B15F572810843F000CE550 /* LaunchScreen.storyboard in Resources */,
				E3B15F542810843F000CE550 /* Assets.xcassets in Resources */,
				E3B15F522810843E000CE550 /* Main.storyboard in Resources */,
			);
			runOnlyForDeploymentPostprocessing = 0;
		};
		E3B15F5B2810843F000CE550 /* Resources */ = {
			isa = PBXResourcesBuildPhase;
			buildActionMask = 2147483647;
			files = (
			);
			runOnlyForDeploymentPostprocessing = 0;
		};
		E3B15F652810843F000CE550 /* Resources */ = {
			isa = PBXResourcesBuildPhase;
			buildActionMask = 2147483647;
			files = (
			);
			runOnlyForDeploymentPostprocessing = 0;
		};
/* End PBXResourcesBuildPhase section */

/* Begin PBXSourcesBuildPhase section */
		E3B15F432810843E000CE550 /* Sources */ = {
			isa = PBXSourcesBuildPhase;
			buildActionMask = 2147483647;
			files = (
				E3B15F4F2810843E000CE550 /* ViewController.swift in Sources */,
				E3B15F4B2810843E000CE550 /* AppDelegate.swift in Sources */,
				E3B15F4D2810843E000CE550 /* SceneDelegate.swift in Sources */,
				E34CAEAB28188E0600FB672D /* HistoryViewController.swift in Sources */,
			);
			runOnlyForDeploymentPostprocessing = 0;
		};
		E3B15F592810843F000CE550 /* Sources */ = {
			isa = PBXSourcesBuildPhase;
			buildActionMask = 2147483647;
			files = (
				E3B15F622810843F000CE550 /* lifecounterTests.swift in Sources */,
			);
			runOnlyForDeploymentPostprocessing = 0;
		};
		E3B15F632810843F000CE550 /* Sources */ = {
			isa = PBXSourcesBuildPhase;
			buildActionMask = 2147483647;
			files = (
				E3B15F6C2810843F000CE550 /* lifecounterUITests.swift in Sources */,
				E3B15F6E2810843F000CE550 /* lifecounterUITestsLaunchTests.swift in Sources */,
			);
			runOnlyForDeploymentPostprocessing = 0;
		};
/* End PBXSourcesBuildPhase section */

/* Begin PBXTargetDependency section */
		E3B15F5F2810843F000CE550 /* PBXTargetDependency */ = {
			isa = PBXTargetDependency;
			target = E3B15F462810843E000CE550 /* lifecounter */;
			targetProxy = E3B15F5E2810843F000CE550 /* PBXContainerItemProxy */;
		};
		E3B15F692810843F000CE550 /* PBXTargetDependency */ = {
			isa = PBXTargetDependency;
			target = E3B15F462810843E000CE550 /* lifecounter */;
			targetProxy = E3B15F682810843F000CE550 /* PBXContainerItemProxy */;
		};
/* End PBXTargetDependency section */

/* Begin PBXVariantGroup section */
		E3B15F502810843E000CE550 /* Main.storyboard */ = {
			isa = PBXVariantGroup;
			children = (
				E3B15F512810843E000CE550 /* Base */,
			);
			name = Main.storyboard;
			sourceTree = "<group>";
		};
		E3B15F552810843F000CE550 /* LaunchScreen.storyboard */ = {
			isa = PBXVariantGroup;
			children = (
				E3B15F562810843F000CE550 /* Base */,
			);
			name = LaunchScreen.storyboard;
			sourceTree = "<group>";
		};
/* End PBXVariantGroup section */

/* Begin XCBuildConfiguration section */
		E3B15F6F2810843F000CE550 /* Debug */ = {
			isa = XCBuildConfiguration;
			buildSettings = {
				ALWAYS_SEARCH_USER_PATHS = NO;
				CLANG_ANALYZER_NONNULL = YES;
				CLANG_ANALYZER_NUMBER_OBJECT_CONVERSION = YES_AGGRESSIVE;
				CLANG_CXX_LANGUAGE_STANDARD = "gnu++17";
				CLANG_ENABLE_MODULES = YES;
				CLANG_ENABLE_OBJC_ARC = YES;
				CLANG_ENABLE_OBJC_WEAK = YES;
				CLANG_WARN_BLOCK_CAPTURE_AUTORELEASING = YES;
				CLANG_WARN_BOOL_CONVERSION = YES;
				CLANG_WARN_COMMA = YES;
				CLANG_WARN_CONSTANT_CONVERSION = YES;
				CLANG_WARN_DEPRECATED_OBJC_IMPLEMENTATIONS = YES;
				CLANG_WARN_DIRECT_OBJC_ISA_USAGE = YES_ERROR;
				CLANG_WARN_DOCUMENTATION_COMMENTS = YES;
				CLANG_WARN_EMPTY_BODY = YES;
				CLANG_WARN_ENUM_CONVERSION = YES;
				CLANG_WARN_INFINITE_RECURSION = YES;
				CLANG_WARN_INT_CONVERSION = YES;
				CLANG_WARN_NON_LITERAL_NULL_CONVERSION = YES;
				CLANG_WARN_OBJC_IMPLICIT_RETAIN_SELF = YES;
				CLANG_WARN_OBJC_LITERAL_CONVERSION = YES;
				CLANG_WARN_OBJC_ROOT_CLASS = YES_ERROR;
				CLANG_WARN_QUOTED_INCLUDE_IN_FRAMEWORK_HEADER = YES;
				CLANG_WARN_RANGE_LOOP_ANALYSIS = YES;
				CLANG_WARN_STRICT_PROTOTYPES = YES;
				CLANG_WARN_SUSPICIOUS_MOVE = YES;
				CLANG_WARN_UNGUARDED_AVAILABILITY = YES_AGGRESSIVE;
				CLANG_WARN_UNREACHABLE_CODE = YES;
				CLANG_WARN__DUPLICATE_METHOD_MATCH = YES;
				COPY_PHASE_STRIP = NO;
				DEBUG_INFORMATION_FORMAT = dwarf;
				ENABLE_STRICT_OBJC_MSGSEND = YES;
				ENABLE_TESTABILITY = YES;
				GCC_C_LANGUAGE_STANDARD = gnu11;
				GCC_DYNAMIC_NO_PIC = NO;
				GCC_NO_COMMON_BLOCKS = YES;
				GCC_OPTIMIZATION_LEVEL = 0;
				GCC_PREPROCESSOR_DEFINITIONS = (
					"DEBUG=1",
					"$(inherited)",
				);
				GCC_WARN_64_TO_32_BIT_CONVERSION = YES;
				GCC_WARN_ABOUT_RETURN_TYPE = YES_ERROR;
				GCC_WARN_UNDECLARED_SELECTOR = YES;
				GCC_WARN_UNINITIALIZED_AUTOS = YES_AGGRESSIVE;
				GCC_WARN_UNUSED_FUNCTION = YES;
				GCC_WARN_UNUSED_VARIABLE = YES;
				IPHONEOS_DEPLOYMENT_TARGET = 15.4;
				MTL_ENABLE_DEBUG_INFO = INCLUDE_SOURCE;
				MTL_FAST_MATH = YES;
				ONLY_ACTIVE_ARCH = YES;
				SDKROOT = iphoneos;
				SWIFT_ACTIVE_COMPILATION_CONDITIONS = DEBUG;
				SWIFT_OPTIMIZATION_LEVEL = "-Onone";
			};
			name = Debug;
		};
		E3B15F702810843F000CE550 /* Release */ = {
			isa = XCBuildConfiguration;
			buildSettings = {
				ALWAYS_SEARCH_USER_PATHS = NO;
				CLANG_ANALYZER_NONNULL = YES;
				CLANG_ANALYZER_NUMBER_OBJECT_CONVERSION = YES_AGGRESSIVE;
				CLANG_CXX_LANGUAGE_STANDARD = "gnu++17";
				CLANG_ENABLE_MODULES = YES;
				CLANG_ENABLE_OBJC_ARC = YES;
				CLANG_ENABLE_OBJC_WEAK = YES;
				CLANG_WARN_BLOCK_CAPTURE_AUTORELEASING = YES;
				CLANG_WARN_BOOL_CONVERSION = YES;
				CLANG_WARN_COMMA = YES;
				CLANG_WARN_CONSTANT_CONVERSION = YES;
				CLANG_WARN_DEPRECATED_OBJC_IMPLEMENTATIONS = YES;
				CLANG_WARN_DIRECT_OBJC_ISA_USAGE = YES_ERROR;
				CLANG_WARN_DOCUMENTATION_COMMENTS = YES;
				CLANG_WARN_EMPTY_BODY = YES;
				CLANG_WARN_ENUM_CONVERSION = YES;
				CLANG_WARN_INFINITE_RECURSION = YES;
				CLANG_WARN_INT_CONVERSION = YES;
				CLANG_WARN_NON_LITERAL_NULL_CONVERSION = YES;
				CLANG_WARN_OBJC_IMPLICIT_RETAIN_SELF = YES;
				CLANG_WARN_OBJC_LITERAL_CONVERSION = YES;
				CLANG_WARN_OBJC_ROOT_CLASS = YES_ERROR;
				CLANG_WARN_QUOTED_INCLUDE_IN_FRAMEWORK_HEADER = YES;
				CLANG_WARN_RANGE_LOOP_ANALYSIS = YES;
				CLANG_WARN_STRICT_PROTOTYPES = YES;
				CLANG_WARN_SUSPICIOUS_MOVE = YES;
				CLANG_WARN_UNGUARDED_AVAILABILITY = YES_AGGRESSIVE;
				CLANG_WARN_UNREACHABLE_CODE = YES;
				CLANG_WARN__DUPLICATE_METHOD_MATCH = YES;
				COPY_PHASE_STRIP = NO;
				DEBUG_INFORMATION_FORMAT = "dwarf-with-dsym";
				ENABLE_NS_ASSERTIONS = NO;
				ENABLE_STRICT_OBJC_MSGSEND = YES;
				GCC_C_LANGUAGE_STANDARD = gnu11;
				GCC_NO_COMMON_BLOCKS = YES;
				GCC_WARN_64_TO_32_BIT_CONVERSION = YES;
				GCC_WARN_ABOUT_RETURN_TYPE = YES_ERROR;
				GCC_WARN_UNDECLARED_SELECTOR = YES;
				GCC_WARN_UNINITIALIZED_AUTOS = YES_AGGRESSIVE;
				GCC_WARN_UNUSED_FUNCTION = YES;
				GCC_WARN_UNUSED_VARIABLE = YES;
				IPHONEOS_DEPLOYMENT_TARGET = 15.4;
				MTL_ENABLE_DEBUG_INFO = NO;
				MTL_FAST_MATH = YES;
				SDKROOT = iphoneos;
				SWIFT_COMPILATION_MODE = wholemodule;
				SWIFT_OPTIMIZATION_LEVEL = "-O";
				VALIDATE_PRODUCT = YES;
			};
			name = Release;
		};
		E3B15F722810843F000CE550 /* Debug */ = {
			isa = XCBuildConfiguration;
			buildSettings = {
				ASSETCATALOG_COMPILER_APPICON_NAME = AppIcon;
				ASSETCATALOG_COMPILER_GLOBAL_ACCENT_COLOR_NAME = AccentColor;
				CODE_SIGN_STYLE = Automatic;
				CURRENT_PROJECT_VERSION = 1;
				DEVELOPMENT_TEAM = Q5Q6596UBX;
				GENERATE_INFOPLIST_FILE = YES;
				INFOPLIST_FILE = lifecounter/Info.plist;
				INFOPLIST_KEY_UIApplicationSupportsIndirectInputEvents = YES;
				INFOPLIST_KEY_UILaunchStoryboardName = LaunchScreen;
				INFOPLIST_KEY_UIMainStoryboardFile = Main;
				INFOPLIST_KEY_UISupportedInterfaceOrientations_iPad = "UIInterfaceOrientationPortrait UIInterfaceOrientationPortraitUpsideDown UIInterfaceOrientationLandscapeLeft UIInterfaceOrientationLandscapeRight";
				INFOPLIST_KEY_UISupportedInterfaceOrientations_iPhone = "UIInterfaceOrientationPortrait UIInterfaceOrientationLandscapeLeft UIInterfaceOrientationLandscapeRight";
				LD_RUNPATH_SEARCH_PATHS = (
					"$(inherited)",
					"@executable_path/Frameworks",
				);
				MARKETING_VERSION = 1.0;
				PRODUCT_BUNDLE_IDENTIFIER = com.UWInfo.lifecounter;
				PRODUCT_NAME = "$(TARGET_NAME)";
				SWIFT_EMIT_LOC_STRINGS = YES;
				SWIFT_VERSION = 5.0;
				TARGETED_DEVICE_FAMILY = "1,2";
			};
			name = Debug;
		};
		E3B15F732810843F000CE550 /* Release */ = {
			isa = XCBuildConfiguration;
			buildSettings = {
				ASSETCATALOG_COMPILER_APPICON_NAME = AppIcon;
				ASSETCATALOG_COMPILER_GLOBAL_ACCENT_COLOR_NAME = AccentColor;
				CODE_SIGN_STYLE = Automatic;
				CURRENT_PROJECT_VERSION = 1;
				DEVELOPMENT_TEAM = Q5Q6596UBX;
				GENERATE_INFOPLIST_FILE = YES;
				INFOPLIST_FILE = lifecounter/Info.plist;
				INFOPLIST_KEY_UIApplicationSupportsIndirectInputEvents = YES;
				INFOPLIST_KEY_UILaunchStoryboardName = LaunchScreen;
				INFOPLIST_KEY_UIMainStoryboardFile = Main;
				INFOPLIST_KEY_UISupportedInterfaceOrientations_iPad = "UIInterfaceOrientationPortrait UIInterfaceOrientationPortraitUpsideDown UIInterfaceOrientationLandscapeLeft UIInterfaceOrientationLandscapeRight";
				INFOPLIST_KEY_UISupportedInterfaceOrientations_iPhone = "UIInterfaceOrientationPortrait UIInterfaceOrientationLandscapeLeft UIInterfaceOrientationLandscapeRight";
				LD_RUNPATH_SEARCH_PATHS = (
					"$(inherited)",
					"@executable_path/Frameworks",
				);
				MARKETING_VERSION = 1.0;
				PRODUCT_BUNDLE_IDENTIFIER = com.UWInfo.lifecounter;
				PRODUCT_NAME = "$(TARGET_NAME)";
				SWIFT_EMIT_LOC_STRINGS = YES;
				SWIFT_VERSION = 5.0;
				TARGETED_DEVICE_FAMILY = "1,2";
			};
			name = Release;
		};
		E3B15F752810843F000CE550 /* Debug */ = {
			isa = XCBuildConfiguration;
			buildSettings = {
				ALWAYS_EMBED_SWIFT_STANDARD_LIBRARIES = YES;
				BUNDLE_LOADER = "$(TEST_HOST)";
				CODE_SIGN_STYLE = Automatic;
				CURRENT_PROJECT_VERSION = 1;
				DEVELOPMENT_TEAM = Q5Q6596UBX;
				GENERATE_INFOPLIST_FILE = YES;
				IPHONEOS_DEPLOYMENT_TARGET = 15.4;
				MARKETING_VERSION = 1.0;
				PRODUCT_BUNDLE_IDENTIFIER = com.UWInfo449.lifecounterTests;
				PRODUCT_NAME = "$(TARGET_NAME)";
				SWIFT_EMIT_LOC_STRINGS = NO;
				SWIFT_VERSION = 5.0;
				TARGETED_DEVICE_FAMILY = "1,2";
				TEST_HOST = "$(BUILT_PRODUCTS_DIR)/lifecounter.app/lifecounter";
			};
			name = Debug;
		};
		E3B15F762810843F000CE550 /* Release */ = {
			isa = XCBuildConfiguration;
			buildSettings = {
				ALWAYS_EMBED_SWIFT_STANDARD_LIBRARIES = YES;
				BUNDLE_LOADER = "$(TEST_HOST)";
				CODE_SIGN_STYLE = Automatic;
				CURRENT_PROJECT_VERSION = 1;
				DEVELOPMENT_TEAM = Q5Q6596UBX;
				GENERATE_INFOPLIST_FILE = YES;
				IPHONEOS_DEPLOYMENT_TARGET = 15.4;
				MARKETING_VERSION = 1.0;
				PRODUCT_BUNDLE_IDENTIFIER = com.UWInfo449.lifecounterTests;
				PRODUCT_NAME = "$(TARGET_NAME)";
				SWIFT_EMIT_LOC_STRINGS = NO;
				SWIFT_VERSION = 5.0;
				TARGETED_DEVICE_FAMILY = "1,2";
				TEST_HOST = "$(BUILT_PRODUCTS_DIR)/lifecounter.app/lifecounter";
			};
			name = Release;
		};
		E3B15F782810843F000CE550 /* Debug */ = {
			isa = XCBuildConfiguration;
			buildSettings = {
				ALWAYS_EMBED_SWIFT_STANDARD_LIBRARIES = YES;
				CODE_SIGN_STYLE = Automatic;
				CURRENT_PROJECT_VERSION = 1;
				DEVELOPMENT_TEAM = Q5Q6596UBX;
				GENERATE_INFOPLIST_FILE = YES;
				MARKETING_VERSION = 1.0;
				PRODUCT_BUNDLE_IDENTIFIER = com.UWInfo449.lifecounterUITests;
				PRODUCT_NAME = "$(TARGET_NAME)";
				SWIFT_EMIT_LOC_STRINGS = NO;
				SWIFT_VERSION = 5.0;
				TARGETED_DEVICE_FAMILY = "1,2";
				TEST_TARGET_NAME = lifecounter;
			};
			name = Debug;
		};
		E3B15F792810843F000CE550 /* Release */ = {
			isa = XCBuildConfiguration;
			buildSettings = {
				ALWAYS_EMBED_SWIFT_STANDARD_LIBRARIES = YES;
				CODE_SIGN_STYLE = Automatic;
				CURRENT_PROJECT_VERSION = 1;
				DEVELOPMENT_TEAM = Q5Q6596UBX;
				GENERATE_INFOPLIST_FILE = YES;
				MARKETING_VERSION = 1.0;
				PRODUCT_BUNDLE_IDENTIFIER = com.UWInfo449.lifecounterUITests;
				PRODUCT_NAME = "$(TARGET_NAME)";
				SWIFT_EMIT_LOC_STRINGS = NO;
				SWIFT_VERSION = 5.0;
				TARGETED_DEVICE_FAMILY = "1,2";
				TEST_TARGET_NAME = lifecounter;
			};
			name = Release;
		};
/* End XCBuildConfiguration section */

/* Begin XCConfigurationList section */
		E3B15F422810843E000CE550 /* Build configuration list for PBXProject "lifecounter" */ = {
			isa = XCConfigurationList;
			buildConfigurations = (
				E3B15F6F2810843F000CE550 /* Debug */,
				E3B15F702810843F000CE550 /* Release */,
			);
			defaultConfigurationIsVisible = 0;
			defaultConfigurationName = Release;
		};
		E3B15F712810843F000CE550 /* Build configuration list for PBXNativeTarget "lifecounter" */ = {
			isa = XCConfigurationList;
			buildConfigurations = (
				E3B15F722810843F000CE550 /* Debug */,
				E3B15F732810843F000CE550 /* Release */,
			);
			defaultConfigurationIsVisible = 0;
			defaultConfigurationName = Release;
		};
		E3B15F742810843F000CE550 /* Build configuration list for PBXNativeTarget "lifecounterTests" */ = {
			isa = XCConfigurationList;
			buildConfigurations = (
				E3B15F752810843F000CE550 /* Debug */,
				E3B15F762810843F000CE550 /* Release */,
			);
			defaultConfigurationIsVisible = 0;
			defaultConfigurationName = Release;
		};
		E3B15F772810843F000CE550 /* Build configuration list for PBXNativeTarget "lifecounterUITests" */ = {
			isa = XCConfigurationList;
			buildConfigurations = (
				E3B15F782810843F000CE550 /* Debug */,
				E3B15F792810843F000CE550 /* Release */,
			);
			defaultConfigurationIsVisible = 0;
			defaultConfigurationName = Release;
		};
/* End XCConfigurationList section */
	};
	rootObject = E3B15F3F2810843E000CE550 /* Project object */;
}
